// !$*UTF8*$!
{
	archiveVersion = 1;
	classes = {
	};
	objectVersion = 56;
	objects = {

/* Begin PBXBuildFile section */
		16516E4C2BF34BEC00846D9C /* AppDelegate.swift in Sources */ = {isa = PBXBuildFile; fileRef = 16516E4B2BF34BEC00846D9C /* AppDelegate.swift */; };
		16516E4E2BF34BEC00846D9C /* SceneDelegate.swift in Sources */ = {isa = PBXBuildFile; fileRef = 16516E4D2BF34BEC00846D9C /* SceneDelegate.swift */; };
		16516E502BF34BEC00846D9C /* ViewController.swift in Sources */ = {isa = PBXBuildFile; fileRef = 16516E4F2BF34BEC00846D9C /* ViewController.swift */; };
		16516E532BF34BEC00846D9C /* Base in Resources */ = {isa = PBXBuildFile; fileRef = 16516E522BF34BEC00846D9C /* Base */; };
		16516E552BF34BED00846D9C /* Assets.xcassets in Resources */ = {isa = PBXBuildFile; fileRef = 16516E542BF34BED00846D9C /* Assets.xcassets */; };
		16516E582BF34BED00846D9C /* Base in Resources */ = {isa = PBXBuildFile; fileRef = 16516E572BF34BED00846D9C /* Base */; };
		16516E632BF34BED00846D9C /* DiceGameTests.swift in Sources */ = {isa = PBXBuildFile; fileRef = 16516E622BF34BED00846D9C /* DiceGameTests.swift */; };
		16516E6D2BF34BED00846D9C /* DiceGameUITests.swift in Sources */ = {isa = PBXBuildFile; fileRef = 16516E6C2BF34BED00846D9C /* DiceGameUITests.swift */; };
		16516E6F2BF34BED00846D9C /* DiceGameUITestsLaunchTests.swift in Sources */ = {isa = PBXBuildFile; fileRef = 16516E6E2BF34BED00846D9C /* DiceGameUITestsLaunchTests.swift */; };
/* End PBXBuildFile section */

/* Begin PBXContainerItemProxy section */
		16516E5F2BF34BED00846D9C /* PBXContainerItemProxy */ = {
			isa = PBXContainerItemProxy;
			containerPortal = 16516E402BF34BEC00846D9C /* Project object */;
			proxyType = 1;
			remoteGlobalIDString = 16516E472BF34BEC00846D9C;
			remoteInfo = DiceGame;
		};
		16516E692BF34BED00846D9C /* PBXContainerItemProxy */ = {
			isa = PBXContainerItemProxy;
			containerPortal = 16516E402BF34BEC00846D9C /* Project object */;
			proxyType = 1;
			remoteGlobalIDString = 16516E472BF34BEC00846D9C;
			remoteInfo = DiceGame;
		};
/* End PBXContainerItemProxy section */

/* Begin PBXFileReference section */
		16516E482BF34BEC00846D9C /* DiceGame.app */ = {isa = PBXFileReference; explicitFileType = wrapper.application; includeInIndex = 0; path = DiceGame.app; sourceTree = BUILT_PRODUCTS_DIR; };
		16516E4B2BF34BEC00846D9C /* AppDelegate.swift */ = {isa = PBXFileReference; lastKnownFileType = sourcecode.swift; path = AppDelegate.swift; sourceTree = "<group>"; };
		16516E4D2BF34BEC00846D9C /* SceneDelegate.swift */ = {isa = PBXFileReference; lastKnownFileType = sourcecode.swift; path = SceneDelegate.swift; sourceTree = "<group>"; };
		16516E4F2BF34BEC00846D9C /* ViewController.swift */ = {isa = PBXFileReference; lastKnownFileType = sourcecode.swift; path = ViewController.swift; sourceTree = "<group>"; };
		16516E522BF34BEC00846D9C /* Base */ = {isa = PBXFileReference; lastKnownFileType = file.storyboard; name = Base; path = Base.lproj/Main.storyboard; sourceTree = "<group>"; };
		16516E542BF34BED00846D9C /* Assets.xcassets */ = {isa = PBXFileReference; lastKnownFileType = folder.assetcatalog; path = Assets.xcassets; sourceTree = "<group>"; };
		16516E572BF34BED00846D9C /* Base */ = {isa = PBXFileReference; lastKnownFileType = file.storyboard; name = Base; path = Base.lproj/LaunchScreen.storyboard; sourceTree = "<group>"; };
		16516E592BF34BED00846D9C /* Info.plist */ = {isa = PBXFileReference; lastKnownFileType = text.plist.xml; path = Info.plist; sourceTree = "<group>"; };
		16516E5E2BF34BED00846D9C /* DiceGameTests.xctest */ = {isa = PBXFileReference; explicitFileType = wrapper.cfbundle; includeInIndex = 0; path = DiceGameTests.xctest; sourceTree = BUILT_PRODUCTS_DIR; };
		16516E622BF34BED00846D9C /* DiceGameTests.swift */ = {isa = PBXFileReference; lastKnownFileType = sourcecode.swift; path = DiceGameTests.swift; sourceTree = "<group>"; };
		16516E682BF34BED00846D9C /* DiceGameUITests.xctest */ = {isa = PBXFileReference; explicitFileType = wrapper.cfbundle; includeInIndex = 0; path = DiceGameUITests.xctest; sourceTree = BUILT_PRODUCTS_DIR; };
		16516E6C2BF34BED00846D9C /* DiceGameUITests.swift */ = {isa = PBXFileReference; lastKnownFileType = sourcecode.swift; path = DiceGameUITests.swift; sourceTree = "<group>"; };
		16516E6E2BF34BED00846D9C /* DiceGameUITestsLaunchTests.swift */ = {isa = PBXFileReference; lastKnownFileType = sourcecode.swift; path = DiceGameUITestsLaunchTests.swift; sourceTree = "<group>"; };
/* End PBXFileReference section */

/* Begin PBXFrameworksBuildPhase section */
		16516E452BF34BEC00846D9C /* Frameworks */ = {
			isa = PBXFrameworksBuildPhase;
			buildActionMask = 2147483647;
			files = (
			);
			runOnlyForDeploymentPostprocessing = 0;
		};
		16516E5B2BF34BED00846D9C /* Frameworks */ = {
			isa = PBXFrameworksBuildPhase;
			buildActionMask = 2147483647;
			files = (
			);
			runOnlyForDeploymentPostprocessing = 0;
		};
		16516E652BF34BED00846D9C /* Frameworks */ = {
			isa = PBXFrameworksBuildPhase;
			buildActionMask = 2147483647;
			files = (
			);
			runOnlyForDeploymentPostprocessing = 0;
		};
/* End PBXFrameworksBuildPhase section */

/* Begin PBXGroup section */
		16516E3F2BF34BEC00846D9C = {
			isa = PBXGroup;
			children = (
				16516E4A2BF34BEC00846D9C /* DiceGame */,
				16516E612BF34BED00846D9C /* DiceGameTests */,
				16516E6B2BF34BED00846D9C /* DiceGameUITests */,
				16516E492BF34BEC00846D9C /* Products */,
			);
			sourceTree = "<group>";
		};
		16516E492BF34BEC00846D9C /* Products */ = {
			isa = PBXGroup;
			children = (
				16516E482BF34BEC00846D9C /* DiceGame.app */,
				16516E5E2BF34BED00846D9C /* DiceGameTests.xctest */,
				16516E682BF34BED00846D9C /* DiceGameUITests.xctest */,
			);
			name = Products;
			sourceTree = "<group>";
		};
		16516E4A2BF34BEC00846D9C /* DiceGame */ = {
			isa = PBXGroup;
			children = (
				16516E4B2BF34BEC00846D9C /* AppDelegate.swift */,
				16516E4D2BF34BEC00846D9C /* SceneDelegate.swift */,
				16516E4F2BF34BEC00846D9C /* ViewController.swift */,
				16516E512BF34BEC00846D9C /* Main.storyboard */,
				16516E542BF34BED00846D9C /* Assets.xcassets */,
				16516E562BF34BED00846D9C /* LaunchScreen.storyboard */,
				16516E592BF34BED00846D9C /* Info.plist */,
			);
			path = DiceGame;
			sourceTree = "<group>";
		};
		16516E612BF34BED00846D9C /* DiceGameTests */ = {
			isa = PBXGroup;
			children = (
				16516E622BF34BED00846D9C /* DiceGameTests.swift */,
			);
			path = DiceGameTests;
			sourceTree = "<group>";
		};
		16516E6B2BF34BED00846D9C /* DiceGameUITests */ = {
			isa = PBXGroup;
			children = (
				16516E6C2BF34BED00846D9C /* DiceGameUITests.swift */,
				16516E6E2BF34BED00846D9C /* DiceGameUITestsLaunchTests.swift */,
			);
			path = DiceGameUITests;
			sourceTree = "<group>";
		};
/* End PBXGroup section */

/* Begin PBXNativeTarget section */
		16516E472BF34BEC00846D9C /* DiceGame */ = {
			isa = PBXNativeTarget;
			buildConfigurationList = 16516E722BF34BED00846D9C /* Build configuration list for PBXNativeTarget "DiceGame" */;
			buildPhases = (
				16516E442BF34BEC00846D9C /* Sources */,
				16516E452BF34BEC00846D9C /* Frameworks */,
				16516E462BF34BEC00846D9C /* Resources */,
			);
			buildRules = (
			);
			dependencies = (
			);
			name = DiceGame;
			productName = DiceGame;
			productReference = 16516E482BF34BEC00846D9C /* DiceGame.app */;
			productType = "com.apple.product-type.application";
		};
		16516E5D2BF34BED00846D9C /* DiceGameTests */ = {
			isa = PBXNativeTarget;
			buildConfigurationList = 16516E752BF34BED00846D9C /* Build configuration list for PBXNativeTarget "DiceGameTests" */;
			buildPhases = (
				16516E5A2BF34BED00846D9C /* Sources */,
				16516E5B2BF34BED00846D9C /* Frameworks */,
				16516E5C2BF34BED00846D9C /* Resources */,
			);
			buildRules = (
			);
			dependencies = (
				16516E602BF34BED00846D9C /* PBXTargetDependency */,
			);
			name = DiceGameTests;
			productName = DiceGameTests;
			productReference = 16516E5E2BF34BED00846D9C /* DiceGameTests.xctest */;
			productType = "com.apple.product-type.bundle.unit-test";
		};
		16516E672BF34BED00846D9C /* DiceGameUITests */ = {
			isa = PBXNativeTarget;
			buildConfigurationList = 16516E782BF34BED00846D9C /* Build configuration list for PBXNativeTarget "DiceGameUITests" */;
			buildPhases = (
				16516E642BF34BED00846D9C /* Sources */,
				16516E652BF34BED00846D9C /* Frameworks */,
				16516E662BF34BED00846D9C /* Resources */,
			);
			buildRules = (
			);
			dependencies = (
				16516E6A2BF34BED00846D9C /* PBXTargetDependency */,
			);
			name = DiceGameUITests;
			productName = DiceGameUITests;
			productReference = 16516E682BF34BED00846D9C /* DiceGameUITests.xctest */;
			productType = "com.apple.product-type.bundle.ui-testing";
		};
/* End PBXNativeTarget section */

/* Begin PBXProject section */
		16516E402BF34BEC00846D9C /* Project object */ = {
			isa = PBXProject;
			attributes = {
				BuildIndependentTargetsInParallel = 1;
				LastSwiftUpdateCheck = 1530;
				LastUpgradeCheck = 1530;
				TargetAttributes = {
					16516E472BF34BEC00846D9C = {
						CreatedOnToolsVersion = 15.3;
					};
					16516E5D2BF34BED00846D9C = {
						CreatedOnToolsVersion = 15.3;
						TestTargetID = 16516E472BF34BEC00846D9C;
					};
					16516E672BF34BED00846D9C = {
						CreatedOnToolsVersion = 15.3;
						TestTargetID = 16516E472BF34BEC00846D9C;
					};
				};
			};
			buildConfigurationList = 16516E432BF34BEC00846D9C /* Build configuration list for PBXProject "DiceGame" */;
			compatibilityVersion = "Xcode 14.0";
			developmentRegion = en;
			hasScannedForEncodings = 0;
			knownRegions = (
				en,
				Base,
			);
			mainGroup = 16516E3F2BF34BEC00846D9C;
			productRefGroup = 16516E492BF34BEC00846D9C /* Products */;
			projectDirPath = "";
			projectRoot = "";
			targets = (
				16516E472BF34BEC00846D9C /* DiceGame */,
				16516E5D2BF34BED00846D9C /* DiceGameTests */,
				16516E672BF34BED00846D9C /* DiceGameUITests */,
			);
		};
/* End PBXProject section */

/* Begin PBXResourcesBuildPhase section */
		16516E462BF34BEC00846D9C /* Resources */ = {
			isa = PBXResourcesBuildPhase;
			buildActionMask = 2147483647;
			files = (
				16516E552BF34BED00846D9C /* Assets.xcassets in Resources */,
				16516E582BF34BED00846D9C /* Base in Resources */,
				16516E532BF34BEC00846D9C /* Base in Resources */,
			);
			runOnlyForDeploymentPostprocessing = 0;
		};
		16516E5C2BF34BED00846D9C /* Resources */ = {
			isa = PBXResourcesBuildPhase;
			buildActionMask = 2147483647;
			files = (
			);
			runOnlyForDeploymentPostprocessing = 0;
		};
		16516E662BF34BED00846D9C /* Resources */ = {
			isa = PBXResourcesBuildPhase;
			buildActionMask = 2147483647;
			files = (
			);
			runOnlyForDeploymentPostprocessing = 0;
		};
/* End PBXResourcesBuildPhase section */

/* Begin PBXSourcesBuildPhase section */
		16516E442BF34BEC00846D9C /* Sources */ = {
			isa = PBXSourcesBuildPhase;
			buildActionMask = 2147483647;
			files = (
				16516E502BF34BEC00846D9C /* ViewController.swift in Sources */,
				16516E4C2BF34BEC00846D9C /* AppDelegate.swift in Sources */,
				16516E4E2BF34BEC00846D9C /* SceneDelegate.swift in Sources */,
			);
			runOnlyForDeploymentPostprocessing = 0;
		};
		16516E5A2BF34BED00846D9C /* Sources */ = {
			isa = PBXSourcesBuildPhase;
			buildActionMask = 2147483647;
			files = (
				16516E632BF34BED00846D9C /* DiceGameTests.swift in Sources */,
			);
			runOnlyForDeploymentPostprocessing = 0;
		};
		16516E642BF34BED00846D9C /* Sources */ = {
			isa = PBXSourcesBuildPhase;
			buildActionMask = 2147483647;
			files = (
				16516E6F2BF34BED00846D9C /* DiceGameUITestsLaunchTests.swift in Sources */,
				16516E6D2BF34BED00846D9C /* DiceGameUITests.swift in Sources */,
			);
			runOnlyForDeploymentPostprocessing = 0;
		};
/* End PBXSourcesBuildPhase section */

/* Begin PBXTargetDependency section */
		16516E602BF34BED00846D9C /* PBXTargetDependency */ = {
			isa = PBXTargetDependency;
			target = 16516E472BF34BEC00846D9C /* DiceGame */;
			targetProxy = 16516E5F2BF34BED00846D9C /* PBXContainerItemProxy */;
		};
		16516E6A2BF34BED00846D9C /* PBXTargetDependency */ = {
			isa = PBXTargetDependency;
			target = 16516E472BF34BEC00846D9C /* DiceGame */;
			targetProxy = 16516E692BF34BED00846D9C /* PBXContainerItemProxy */;
		};
/* End PBXTargetDependency section */

/* Begin PBXVariantGroup section */
		16516E512BF34BEC00846D9C /* Main.storyboard */ = {
			isa = PBXVariantGroup;
			children = (
				16516E522BF34BEC00846D9C /* Base */,
			);
			name = Main.storyboard;
			sourceTree = "<group>";
		};
		16516E562BF34BED00846D9C /* LaunchScreen.storyboard */ = {
			isa = PBXVariantGroup;
			children = (
				16516E572BF34BED00846D9C /* Base */,
			);
			name = LaunchScreen.storyboard;
			sourceTree = "<group>";
		};
/* End PBXVariantGroup section */

/* Begin XCBuildConfiguration section */
		16516E702BF34BED00846D9C /* Debug */ = {
			isa = XCBuildConfiguration;
			buildSettings = {
				ALWAYS_SEARCH_USER_PATHS = NO;
				ASSETCATALOG_COMPILER_GENERATE_SWIFT_ASSET_SYMBOL_EXTENSIONS = YES;
				CLANG_ANALYZER_NONNULL = YES;
				CLANG_ANALYZER_NUMBER_OBJECT_CONVERSION = YES_AGGRESSIVE;
				CLANG_CXX_LANGUAGE_STANDARD = "gnu++20";
				CLANG_ENABLE_MODULES = YES;
				CLANG_ENABLE_OBJC_ARC = YES;
				CLANG_ENABLE_OBJC_WEAK = YES;
				CLANG_WARN_BLOCK_CAPTURE_AUTORELEASING = YES;
				CLANG_WARN_BOOL_CONVERSION = YES;
				CLANG_WARN_COMMA = YES;
				CLANG_WARN_CONSTANT_CONVERSION = YES;
				CLANG_WARN_DEPRECATED_OBJC_IMPLEMENTATIONS = YES;
				CLANG_WARN_DIRECT_OBJC_ISA_USAGE = YES_ERROR;
				CLANG_WARN_DOCUMENTATION_COMMENTS = YES;
				CLANG_WARN_EMPTY_BODY = YES;
				CLANG_WARN_ENUM_CONVERSION = YES;
				CLANG_WARN_INFINITE_RECURSION = YES;
				CLANG_WARN_INT_CONVERSION = YES;
				CLANG_WARN_NON_LITERAL_NULL_CONVERSION = YES;
				CLANG_WARN_OBJC_IMPLICIT_RETAIN_SELF = YES;
				CLANG_WARN_OBJC_LITERAL_CONVERSION = YES;
				CLANG_WARN_OBJC_ROOT_CLASS = YES_ERROR;
				CLANG_WARN_QUOTED_INCLUDE_IN_FRAMEWORK_HEADER = YES;
				CLANG_WARN_RANGE_LOOP_ANALYSIS = YES;
				CLANG_WARN_STRICT_PROTOTYPES = YES;
				CLANG_WARN_SUSPICIOUS_MOVE = YES;
				CLANG_WARN_UNGUARDED_AVAILABILITY = YES_AGGRESSIVE;
				CLANG_WARN_UNREACHABLE_CODE = YES;
				CLANG_WARN__DUPLICATE_METHOD_MATCH = YES;
				COPY_PHASE_STRIP = NO;
				DEBUG_INFORMATION_FORMAT = dwarf;
				ENABLE_STRICT_OBJC_MSGSEND = YES;
				ENABLE_TESTABILITY = YES;
				ENABLE_USER_SCRIPT_SANDBOXING = YES;
				GCC_C_LANGUAGE_STANDARD = gnu17;
				GCC_DYNAMIC_NO_PIC = NO;
				GCC_NO_COMMON_BLOCKS = YES;
				GCC_OPTIMIZATION_LEVEL = 0;
				GCC_PREPROCESSOR_DEFINITIONS = (
					"DEBUG=1",
					"$(inherited)",
				);
				GCC_WARN_64_TO_32_BIT_CONVERSION = YES;
				GCC_WARN_ABOUT_RETURN_TYPE = YES_ERROR;
				GCC_WARN_UNDECLARED_SELECTOR = YES;
				GCC_WARN_UNINITIALIZED_AUTOS = YES_AGGRESSIVE;
				GCC_WARN_UNUSED_FUNCTION = YES;
				GCC_WARN_UNUSED_VARIABLE = YES;
				IPHONEOS_DEPLOYMENT_TARGET = 17.4;
				LOCALIZATION_PREFERS_STRING_CATALOGS = YES;
				MTL_ENABLE_DEBUG_INFO = INCLUDE_SOURCE;
				MTL_FAST_MATH = YES;
				ONLY_ACTIVE_ARCH = YES;
				SDKROOT = iphoneos;
				SWIFT_ACTIVE_COMPILATION_CONDITIONS = "DEBUG $(inherited)";
				SWIFT_OPTIMIZATION_LEVEL = "-Onone";
			};
			name = Debug;
		};
		16516E712BF34BED00846D9C /* Release */ = {
			isa = XCBuildConfiguration;
			buildSettings = {
				ALWAYS_SEARCH_USER_PATHS = NO;
				ASSETCATALOG_COMPILER_GENERATE_SWIFT_ASSET_SYMBOL_EXTENSIONS = YES;
				CLANG_ANALYZER_NONNULL = YES;
				CLANG_ANALYZER_NUMBER_OBJECT_CONVERSION = YES_AGGRESSIVE;
				CLANG_CXX_LANGUAGE_STANDARD = "gnu++20";
				CLANG_ENABLE_MODULES = YES;
				CLANG_ENABLE_OBJC_ARC = YES;
				CLANG_ENABLE_OBJC_WEAK = YES;
				CLANG_WARN_BLOCK_CAPTURE_AUTORELEASING = YES;
				CLANG_WARN_BOOL_CONVERSION = YES;
				CLANG_WARN_COMMA = YES;
				CLANG_WARN_CONSTANT_CONVERSION = YES;
				CLANG_WARN_DEPRECATED_OBJC_IMPLEMENTATIONS = YES;
				CLANG_WARN_DIRECT_OBJC_ISA_USAGE = YES_ERROR;
				CLANG_WARN_DOCUMENTATION_COMMENTS = YES;
				CLANG_WARN_EMPTY_BODY = YES;
				CLANG_WARN_ENUM_CONVERSION = YES;
				CLANG_WARN_INFINITE_RECURSION = YES;
				CLANG_WARN_INT_CONVERSION = YES;
				CLANG_WARN_NON_LITERAL_NULL_CONVERSION = YES;
				CLANG_WARN_OBJC_IMPLICIT_RETAIN_SELF = YES;
				CLANG_WARN_OBJC_LITERAL_CONVERSION = YES;
				CLANG_WARN_OBJC_ROOT_CLASS = YES_ERROR;
				CLANG_WARN_QUOTED_INCLUDE_IN_FRAMEWORK_HEADER = YES;
				CLANG_WARN_RANGE_LOOP_ANALYSIS = YES;
				CLANG_WARN_STRICT_PROTOTYPES = YES;
				CLANG_WARN_SUSPICIOUS_MOVE = YES;
				CLANG_WARN_UNGUARDED_AVAILABILITY = YES_AGGRESSIVE;
				CLANG_WARN_UNREACHABLE_CODE = YES;
				CLANG_WARN__DUPLICATE_METHOD_MATCH = YES;
				COPY_PHASE_STRIP = NO;
				DEBUG_INFORMATION_FORMAT = "dwarf-with-dsym";
				ENABLE_NS_ASSERTIONS = NO;
				ENABLE_STRICT_OBJC_MSGSEND = YES;
				ENABLE_USER_SCRIPT_SANDBOXING = YES;
				GCC_C_LANGUAGE_STANDARD = gnu17;
				GCC_NO_COMMON_BLOCKS = YES;
				GCC_WARN_64_TO_32_BIT_CONVERSION = YES;
				GCC_WARN_ABOUT_RETURN_TYPE = YES_ERROR;
				GCC_WARN_UNDECLARED_SELECTOR = YES;
				GCC_WARN_UNINITIALIZED_AUTOS = YES_AGGRESSIVE;
				GCC_WARN_UNUSED_FUNCTION = YES;
				GCC_WARN_UNUSED_VARIABLE = YES;
				IPHONEOS_DEPLOYMENT_TARGET = 17.4;
				LOCALIZATION_PREFERS_STRING_CATALOGS = YES;
				MTL_ENABLE_DEBUG_INFO = NO;
				MTL_FAST_MATH = YES;
				SDKROOT = iphoneos;
				SWIFT_COMPILATION_MODE = wholemodule;
				VALIDATE_PRODUCT = YES;
			};
			name = Release;
		};
		16516E732BF34BED00846D9C /* Debug */ = {
			isa = XCBuildConfiguration;
			buildSettings = {
				ASSETCATALOG_COMPILER_APPICON_NAME = AppIcon;
				ASSETCATALOG_COMPILER_GLOBAL_ACCENT_COLOR_NAME = AccentColor;
				CODE_SIGN_STYLE = Automatic;
				CURRENT_PROJECT_VERSION = 1;
				GENERATE_INFOPLIST_FILE = YES;
				INFOPLIST_FILE = DiceGame/Info.plist;
				INFOPLIST_KEY_UIApplicationSupportsIndirectInputEvents = YES;
				INFOPLIST_KEY_UILaunchStoryboardName = LaunchScreen;
				INFOPLIST_KEY_UIMainStoryboardFile = Main;
				INFOPLIST_KEY_UISupportedInterfaceOrientations_iPad = "UIInterfaceOrientationPortrait UIInterfaceOrientationPortraitUpsideDown UIInterfaceOrientationLandscapeLeft UIInterfaceOrientationLandscapeRight";
				INFOPLIST_KEY_UISupportedInterfaceOrientations_iPhone = "UIInterfaceOrientationPortrait UIInterfaceOrientationLandscapeLeft UIInterfaceOrientationLandscapeRight";
				LD_RUNPATH_SEARCH_PATHS = (
					"$(inherited)",
					"@executable_path/Frameworks",
				);
				MARKETING_VERSION = 1.0;
				PRODUCT_BUNDLE_IDENTIFIER = this.DiceGame;
				PRODUCT_NAME = "$(TARGET_NAME)";
				SWIFT_EMIT_LOC_STRINGS = YES;
				SWIFT_VERSION = 5.0;
				TARGETED_DEVICE_FAMILY = "1,2";
			};
			name = Debug;
		};
		16516E742BF34BED00846D9C /* Release */ = {
			isa = XCBuildConfiguration;
			buildSettings = {
				ASSETCATALOG_COMPILER_APPICON_NAME = AppIcon;
				ASSETCATALOG_COMPILER_GLOBAL_ACCENT_COLOR_NAME = AccentColor;
				CODE_SIGN_STYLE = Automatic;
				CURRENT_PROJECT_VERSION = 1;
				GENERATE_INFOPLIST_FILE = YES;
				INFOPLIST_FILE = DiceGame/Info.plist;
				INFOPLIST_KEY_UIApplicationSupportsIndirectInputEvents = YES;
				INFOPLIST_KEY_UILaunchStoryboardName = LaunchScreen;
				INFOPLIST_KEY_UIMainStoryboardFile = Main;
				INFOPLIST_KEY_UISupportedInterfaceOrientations_iPad = "UIInterfaceOrientationPortrait UIInterfaceOrientationPortraitUpsideDown UIInterfaceOrientationLandscapeLeft UIInterfaceOrientationLandscapeRight";
				INFOPLIST_KEY_UISupportedInterfaceOrientations_iPhone = "UIInterfaceOrientationPortrait UIInterfaceOrientationLandscapeLeft UIInterfaceOrientationLandscapeRight";
				LD_RUNPATH_SEARCH_PATHS = (
					"$(inherited)",
					"@executable_path/Frameworks",
				);
				MARKETING_VERSION = 1.0;
				PRODUCT_BUNDLE_IDENTIFIER = this.DiceGame;
				PRODUCT_NAME = "$(TARGET_NAME)";
				SWIFT_EMIT_LOC_STRINGS = YES;
				SWIFT_VERSION = 5.0;
				TARGETED_DEVICE_FAMILY = "1,2";
			};
			name = Release;
		};
		16516E762BF34BED00846D9C /* Debug */ = {
			isa = XCBuildConfiguration;
			buildSettings = {
				ALWAYS_EMBED_SWIFT_STANDARD_LIBRARIES = YES;
				BUNDLE_LOADER = "$(TEST_HOST)";
				CODE_SIGN_STYLE = Automatic;
				CURRENT_PROJECT_VERSION = 1;
				GENERATE_INFOPLIST_FILE = YES;
				IPHONEOS_DEPLOYMENT_TARGET = 17.4;
				MARKETING_VERSION = 1.0;
				PRODUCT_BUNDLE_IDENTIFIER = this.DiceGameTests;
				PRODUCT_NAME = "$(TARGET_NAME)";
				SWIFT_EMIT_LOC_STRINGS = NO;
				SWIFT_VERSION = 5.0;
				TARGETED_DEVICE_FAMILY = "1,2";
				TEST_HOST = "$(BUILT_PRODUCTS_DIR)/DiceGame.app/$(BUNDLE_EXECUTABLE_FOLDER_PATH)/DiceGame";
			};
			name = Debug;
		};
		16516E772BF34BED00846D9C /* Release */ = {
			isa = XCBuildConfiguration;
			buildSettings = {
				ALWAYS_EMBED_SWIFT_STANDARD_LIBRARIES = YES;
				BUNDLE_LOADER = "$(TEST_HOST)";
				CODE_SIGN_STYLE = Automatic;
				CURRENT_PROJECT_VERSION = 1;
				GENERATE_INFOPLIST_FILE = YES;
				IPHONEOS_DEPLOYMENT_TARGET = 17.4;
				MARKETING_VERSION = 1.0;
				PRODUCT_BUNDLE_IDENTIFIER = this.DiceGameTests;
				PRODUCT_NAME = "$(TARGET_NAME)";
				SWIFT_EMIT_LOC_STRINGS = NO;
				SWIFT_VERSION = 5.0;
				TARGETED_DEVICE_FAMILY = "1,2";
				TEST_HOST = "$(BUILT_PRODUCTS_DIR)/DiceGame.app/$(BUNDLE_EXECUTABLE_FOLDER_PATH)/DiceGame";
			};
			name = Release;
		};
		16516E792BF34BED00846D9C /* Debug */ = {
			isa = XCBuildConfiguration;
			buildSettings = {
				ALWAYS_EMBED_SWIFT_STANDARD_LIBRARIES = YES;
				CODE_SIGN_STYLE = Automatic;
				CURRENT_PROJECT_VERSION = 1;
				GENERATE_INFOPLIST_FILE = YES;
				MARKETING_VERSION = 1.0;
				PRODUCT_BUNDLE_IDENTIFIER = this.DiceGameUITests;
				PRODUCT_NAME = "$(TARGET_NAME)";
				SWIFT_EMIT_LOC_STRINGS = NO;
				SWIFT_VERSION = 5.0;
				TARGETED_DEVICE_FAMILY = "1,2";
				TEST_TARGET_NAME = DiceGame;
			};
			name = Debug;
		};
		16516E7A2BF34BED00846D9C /* Release */ = {
			isa = XCBuildConfiguration;
			buildSettings = {
				ALWAYS_EMBED_SWIFT_STANDARD_LIBRARIES = YES;
				CODE_SIGN_STYLE = Automatic;
				CURRENT_PROJECT_VERSION = 1;
				GENERATE_INFOPLIST_FILE = YES;
				MARKETING_VERSION = 1.0;
				PRODUCT_BUNDLE_IDENTIFIER = this.DiceGameUITests;
				PRODUCT_NAME = "$(TARGET_NAME)";
				SWIFT_EMIT_LOC_STRINGS = NO;
				SWIFT_VERSION = 5.0;
				TARGETED_DEVICE_FAMILY = "1,2";
				TEST_TARGET_NAME = DiceGame;
			};
			name = Release;
		};
/* End XCBuildConfiguration section */

/* Begin XCConfigurationList section */
		16516E432BF34BEC00846D9C /* Build configuration list for PBXProject "DiceGame" */ = {
			isa = XCConfigurationList;
			buildConfigurations = (
				16516E702BF34BED00846D9C /* Debug */,
				16516E712BF34BED00846D9C /* Release */,
			);
			defaultConfigurationIsVisible = 0;
			defaultConfigurationName = Release;
		};
		16516E722BF34BED00846D9C /* Build configuration list for PBXNativeTarget "DiceGame" */ = {
			isa = XCConfigurationList;
			buildConfigurations = (
				16516E732BF34BED00846D9C /* Debug */,
				16516E742BF34BED00846D9C /* Release */,
			);
			defaultConfigurationIsVisible = 0;
			defaultConfigurationName = Release;
		};
		16516E752BF34BED00846D9C /* Build configuration list for PBXNativeTarget "DiceGameTests" */ = {
			isa = XCConfigurationList;
			buildConfigurations = (
				16516E762BF34BED00846D9C /* Debug */,
				16516E772BF34BED00846D9C /* Release */,
			);
			defaultConfigurationIsVisible = 0;
			defaultConfigurationName = Release;
		};
		16516E782BF34BED00846D9C /* Build configuration list for PBXNativeTarget "DiceGameUITests" */ = {
			isa = XCConfigurationList;
			buildConfigurations = (
				16516E792BF34BED00846D9C /* Debug */,
				16516E7A2BF34BED00846D9C /* Release */,
			);
			defaultConfigurationIsVisible = 0;
			defaultConfigurationName = Release;
		};
/* End XCConfigurationList section */
	};
	rootObject = 16516E402BF34BEC00846D9C /* Project object */;
}
